
Microsoft Visual Studio Solution File, Format Version 12.00
Project("{FAE04EC0-301F-11D3-BF4B-00C04F79EFBC}") = "Nullability", "Nullability\Nullability.csproj", "{D6F3B5CD-7672-4329-BABD-FD654F5C0DA2}"
EndProject
Project("{FAE04EC0-301F-11D3-BF4B-00C04F79EFBC}") = "Tests", "Tests\Tests.csproj", "{FD5D74FE-8F2C-444D-8B68-9004E7CE43B8}"
EndProject
Global
	GlobalSection(SolutionConfigurationPlatforms) = preSolution
		Debug|Any CPU = Debug|Any CPU
		Release|Any CPU = Release|Any CPU
	EndGlobalSection
	GlobalSection(ProjectConfigurationPlatforms) = postSolution
		{D6F3B5CD-7672-4329-BABD-FD654F5C0DA2}.Debug|Any CPU.ActiveCfg = Debug|Any CPU
		{D6F3B5CD-7672-4329-BABD-FD654F5C0DA2}.Debug|Any CPU.Build.0 = Debug|Any CPU
		{D6F3B5CD-7672-4329-BABD-FD654F5C0DA2}.Release|Any CPU.ActiveCfg = Release|Any CPU
		{D6F3B5CD-7672-4329-BABD-FD654F5C0DA2}.Release|Any CPU.Build.0 = Release|Any CPU
		{FD5D74FE-8F2C-444D-8B68-9004E7CE43B8}.Debug|Any CPU.ActiveCfg = Debug|Any CPU
		{FD5D74FE-8F2C-444D-8B68-9004E7CE43B8}.Debug|Any CPU.Build.0 = Debug|Any CPU
		{FD5D74FE-8F2C-444D-8B68-9004E7CE43B8}.Release|Any CPU.ActiveCfg = Release|Any CPU
		{FD5D74FE-8F2C-444D-8B68-9004E7CE43B8}.Release|Any CPU.Build.0 = Release|Any CPU
	EndGlobalSection
EndGlobal
